
Microsoft Visual Studio Solution File, Format Version 12.00
# Visual Studio Version 16
VisualStudioVersion = 25.0.1706.1
MinimumVisualStudioVersion = 10.0.40219.1
Project("{FAE04EC0-301F-11D3-BF4B-00C04F79EFBC}") = "ClassAndConstructor", "ClassAndConstructor\ClassAndConstructor.csproj", "{1390CBDC-8646-4265-9531-EFAF2C22B944}"
EndProject
Global
	GlobalSection(SolutionConfigurationPlatforms) = preSolution
		Debug|Any CPU = Debug|Any CPU
		Release|Any CPU = Release|Any CPU
	EndGlobalSection
	GlobalSection(ProjectConfigurationPlatforms) = postSolution
		{1390CBDC-8646-4265-9531-EFAF2C22B944}.Debug|Any CPU.ActiveCfg = Debug|Any CPU
		{1390CBDC-8646-4265-9531-EFAF2C22B944}.Debug|Any CPU.Build.0 = Debug|Any CPU
		{1390CBDC-8646-4265-9531-EFAF2C22B944}.Release|Any CPU.ActiveCfg = Release|Any CPU
		{1390CBDC-8646-4265-9531-EFAF2C22B944}.Release|Any CPU.Build.0 = Release|Any CPU
	EndGlobalSection
	GlobalSection(SolutionProperties) = preSolution
		HideSolutionNode = FALSE
	EndGlobalSection
	GlobalSection(ExtensibilityGlobals) = postSolution
		SolutionGuid = {E8D04120-B23C-4CE8-A106-4820B634FBFF}
	EndGlobalSection
EndGlobal
